// !$*UTF8*$!
{
	archiveVersion = 1;
	classes = {
	};
	objectVersion = 52;
	objects = {

/* Begin PBXBuildFile section */
		3E1369E32940EB56004D5B35 /* APIKey.swift in Sources */ = {isa = PBXBuildFile; fileRef = 3E1369E22940EB56004D5B35 /* APIKey.swift */; };
		3E2F8BD4293ECF2400C74E01 /* YoutubeSearchResponse.swift in Sources */ = {isa = PBXBuildFile; fileRef = 3E2F8BD3293ECF2400C74E01 /* YoutubeSearchResponse.swift */; };
		3E3D4D0429477AF600249239 /* TitlePreviewViewController.swift in Sources */ = {isa = PBXBuildFile; fileRef = 3E3D4D0329477AF600249239 /* TitlePreviewViewController.swift */; };
		3E3D4D072947833B00249239 /* TitlePreviewViewModel.swift in Sources */ = {isa = PBXBuildFile; fileRef = 3E3D4D062947833B00249239 /* TitlePreviewViewModel.swift */; };
		3E3D4D2F294A55BD00249239 /* NetflixCloneModel.xcdatamodeld in Sources */ = {isa = PBXBuildFile; fileRef = 3E3D4D2D294A55BD00249239 /* NetflixCloneModel.xcdatamodeld */; };
		3E98F14C293006230080F6C6 /* AppDelegate.swift in Sources */ = {isa = PBXBuildFile; fileRef = 3E98F14B293006230080F6C6 /* AppDelegate.swift */; };
		3E98F14E293006230080F6C6 /* SceneDelegate.swift in Sources */ = {isa = PBXBuildFile; fileRef = 3E98F14D293006230080F6C6 /* SceneDelegate.swift */; };
		3E98F150293006230080F6C6 /* MainTabBarViewController.swift in Sources */ = {isa = PBXBuildFile; fileRef = 3E98F14F293006230080F6C6 /* MainTabBarViewController.swift */; };
		3E98F155293006240080F6C6 /* Assets.xcassets in Resources */ = {isa = PBXBuildFile; fileRef = 3E98F154293006240080F6C6 /* Assets.xcassets */; };
		3E98F158293006240080F6C6 /* LaunchScreen.storyboard in Resources */ = {isa = PBXBuildFile; fileRef = 3E98F156293006240080F6C6 /* LaunchScreen.storyboard */; };
		3E98F16729300A5B0080F6C6 /* HomeViewController.swift in Sources */ = {isa = PBXBuildFile; fileRef = 3E98F16329300A5B0080F6C6 /* HomeViewController.swift */; };
		3E98F16829300A5B0080F6C6 /* DownloadsViewController.swift in Sources */ = {isa = PBXBuildFile; fileRef = 3E98F16429300A5B0080F6C6 /* DownloadsViewController.swift */; };
		3E98F16929300A5B0080F6C6 /* SearchViewController.swift in Sources */ = {isa = PBXBuildFile; fileRef = 3E98F16529300A5B0080F6C6 /* SearchViewController.swift */; };
		3E98F16A29300A5B0080F6C6 /* UpcomingViewController.swift in Sources */ = {isa = PBXBuildFile; fileRef = 3E98F16629300A5B0080F6C6 /* UpcomingViewController.swift */; };
		3E98F16E29300A790080F6C6 /* APICaller.swift in Sources */ = {isa = PBXBuildFile; fileRef = 3E98F16D29300A790080F6C6 /* APICaller.swift */; };
		3E98F17629300B4A0080F6C6 /* CollectionViewTableViewCell.swift in Sources */ = {isa = PBXBuildFile; fileRef = 3E98F17429300B4A0080F6C6 /* CollectionViewTableViewCell.swift */; };
		3E98F17729300B4A0080F6C6 /* HeroHeaderUIView.swift in Sources */ = {isa = PBXBuildFile; fileRef = 3E98F17529300B4A0080F6C6 /* HeroHeaderUIView.swift */; };
		3EACAF61294A5AC10094B558 /* DataPersistenceManager.swift in Sources */ = {isa = PBXBuildFile; fileRef = 3EACAF60294A5AC10094B558 /* DataPersistenceManager.swift */; };
		3EB92F8829365F06000D624A /* TitleCollectionViewCell.swift in Sources */ = {isa = PBXBuildFile; fileRef = 3EB92F8729365F06000D624A /* TitleCollectionViewCell.swift */; };
		3EB92F9E2936B6C8000D624A /* SDWebImage in Frameworks */ = {isa = PBXBuildFile; productRef = 3EB92F9D2936B6C8000D624A /* SDWebImage */; };
		3EB92FA02936B6C8000D624A /* SDWebImageMapKit in Frameworks */ = {isa = PBXBuildFile; productRef = 3EB92F9F2936B6C8000D624A /* SDWebImageMapKit */; };
		3EB92FA32937B553000D624A /* TitleTableViewCell.swift in Sources */ = {isa = PBXBuildFile; fileRef = 3EB92FA22937B553000D624A /* TitleTableViewCell.swift */; };
		3EB92FA62937C157000D624A /* TitleViewModel.swift in Sources */ = {isa = PBXBuildFile; fileRef = 3EB92FA52937C157000D624A /* TitleViewModel.swift */; };
		3EB92FA929390BF8000D624A /* SearchResultsViewController.swift in Sources */ = {isa = PBXBuildFile; fileRef = 3EB92FA829390BF8000D624A /* SearchResultsViewController.swift */; };
		3ED99B8129351D84001227C7 /* Title.swift in Sources */ = {isa = PBXBuildFile; fileRef = 3ED99B8029351D84001227C7 /* Title.swift */; };
		3ED99B8429354475001227C7 /* Extensions.swift in Sources */ = {isa = PBXBuildFile; fileRef = 3ED99B8329354475001227C7 /* Extensions.swift */; };
/* End PBXBuildFile section */

/* Begin PBXFileReference section */
		3E1369E22940EB56004D5B35 /* APIKey.swift */ = {isa = PBXFileReference; lastKnownFileType = sourcecode.swift; path = APIKey.swift; sourceTree = "<group>"; };
		3E2F8BD3293ECF2400C74E01 /* YoutubeSearchResponse.swift */ = {isa = PBXFileReference; lastKnownFileType = sourcecode.swift; path = YoutubeSearchResponse.swift; sourceTree = "<group>"; };
		3E3D4D0329477AF600249239 /* TitlePreviewViewController.swift */ = {isa = PBXFileReference; lastKnownFileType = sourcecode.swift; path = TitlePreviewViewController.swift; sourceTree = "<group>"; };
		3E3D4D062947833B00249239 /* TitlePreviewViewModel.swift */ = {isa = PBXFileReference; lastKnownFileType = sourcecode.swift; path = TitlePreviewViewModel.swift; sourceTree = "<group>"; };
		3E3D4D2E294A55BD00249239 /* NetflixCloneModel.xcdatamodel */ = {isa = PBXFileReference; lastKnownFileType = wrapper.xcdatamodel; path = NetflixCloneModel.xcdatamodel; sourceTree = "<group>"; };
		3E98F148293006230080F6C6 /* Netflix_Clone.app */ = {isa = PBXFileReference; explicitFileType = wrapper.application; includeInIndex = 0; path = Netflix_Clone.app; sourceTree = BUILT_PRODUCTS_DIR; };
		3E98F14B293006230080F6C6 /* AppDelegate.swift */ = {isa = PBXFileReference; lastKnownFileType = sourcecode.swift; path = AppDelegate.swift; sourceTree = "<group>"; };
		3E98F14D293006230080F6C6 /* SceneDelegate.swift */ = {isa = PBXFileReference; lastKnownFileType = sourcecode.swift; path = SceneDelegate.swift; sourceTree = "<group>"; };
		3E98F14F293006230080F6C6 /* MainTabBarViewController.swift */ = {isa = PBXFileReference; lastKnownFileType = sourcecode.swift; path = MainTabBarViewController.swift; sourceTree = "<group>"; };
		3E98F154293006240080F6C6 /* Assets.xcassets */ = {isa = PBXFileReference; lastKnownFileType = folder.assetcatalog; path = Assets.xcassets; sourceTree = "<group>"; };
		3E98F157293006240080F6C6 /* Base */ = {isa = PBXFileReference; lastKnownFileType = file.storyboard; name = Base; path = Base.lproj/LaunchScreen.storyboard; sourceTree = "<group>"; };
		3E98F159293006240080F6C6 /* Info.plist */ = {isa = PBXFileReference; lastKnownFileType = text.plist.xml; path = Info.plist; sourceTree = "<group>"; };
		3E98F16329300A5B0080F6C6 /* HomeViewController.swift */ = {isa = PBXFileReference; fileEncoding = 4; lastKnownFileType = sourcecode.swift; path = HomeViewController.swift; sourceTree = "<group>"; };
		3E98F16429300A5B0080F6C6 /* DownloadsViewController.swift */ = {isa = PBXFileReference; fileEncoding = 4; lastKnownFileType = sourcecode.swift; path = DownloadsViewController.swift; sourceTree = "<group>"; };
		3E98F16529300A5B0080F6C6 /* SearchViewController.swift */ = {isa = PBXFileReference; fileEncoding = 4; lastKnownFileType = sourcecode.swift; path = SearchViewController.swift; sourceTree = "<group>"; };
		3E98F16629300A5B0080F6C6 /* UpcomingViewController.swift */ = {isa = PBXFileReference; fileEncoding = 4; lastKnownFileType = sourcecode.swift; path = UpcomingViewController.swift; sourceTree = "<group>"; };
		3E98F16D29300A790080F6C6 /* APICaller.swift */ = {isa = PBXFileReference; fileEncoding = 4; lastKnownFileType = sourcecode.swift; path = APICaller.swift; sourceTree = "<group>"; };
		3E98F17429300B4A0080F6C6 /* CollectionViewTableViewCell.swift */ = {isa = PBXFileReference; fileEncoding = 4; lastKnownFileType = sourcecode.swift; path = CollectionViewTableViewCell.swift; sourceTree = "<group>"; };
		3E98F17529300B4A0080F6C6 /* HeroHeaderUIView.swift */ = {isa = PBXFileReference; fileEncoding = 4; lastKnownFileType = sourcecode.swift; path = HeroHeaderUIView.swift; sourceTree = "<group>"; };
		3EACAF60294A5AC10094B558 /* DataPersistenceManager.swift */ = {isa = PBXFileReference; lastKnownFileType = sourcecode.swift; path = DataPersistenceManager.swift; sourceTree = "<group>"; };
		3EB92F8729365F06000D624A /* TitleCollectionViewCell.swift */ = {isa = PBXFileReference; lastKnownFileType = sourcecode.swift; path = TitleCollectionViewCell.swift; sourceTree = "<group>"; };
		3EB92FA22937B553000D624A /* TitleTableViewCell.swift */ = {isa = PBXFileReference; lastKnownFileType = sourcecode.swift; path = TitleTableViewCell.swift; sourceTree = "<group>"; };
		3EB92FA52937C157000D624A /* TitleViewModel.swift */ = {isa = PBXFileReference; lastKnownFileType = sourcecode.swift; path = TitleViewModel.swift; sourceTree = "<group>"; };
		3EB92FA829390BF8000D624A /* SearchResultsViewController.swift */ = {isa = PBXFileReference; lastKnownFileType = sourcecode.swift; path = SearchResultsViewController.swift; sourceTree = "<group>"; };
		3ED99B8029351D84001227C7 /* Title.swift */ = {isa = PBXFileReference; lastKnownFileType = sourcecode.swift; path = Title.swift; sourceTree = "<group>"; };
		3ED99B8329354475001227C7 /* Extensions.swift */ = {isa = PBXFileReference; lastKnownFileType = sourcecode.swift; path = Extensions.swift; sourceTree = "<group>"; };
/* End PBXFileReference section */

/* Begin PBXFrameworksBuildPhase section */
		3E98F145293006230080F6C6 /* Frameworks */ = {
			isa = PBXFrameworksBuildPhase;
			buildActionMask = 2147483647;
			files = (
				3EB92FA02936B6C8000D624A /* SDWebImageMapKit in Frameworks */,
				3EB92F9E2936B6C8000D624A /* SDWebImage in Frameworks */,
			);
			runOnlyForDeploymentPostprocessing = 0;
		};
/* End PBXFrameworksBuildPhase section */

/* Begin PBXGroup section */
		3E98F13F293006230080F6C6 = {
			isa = PBXGroup;
			children = (
				3E98F14A293006230080F6C6 /* Netflix_Clone */,
				3E98F149293006230080F6C6 /* Products */,
			);
			sourceTree = "<group>";
		};
		3E98F149293006230080F6C6 /* Products */ = {
			isa = PBXGroup;
			children = (
				3E98F148293006230080F6C6 /* Netflix_Clone.app */,
			);
			name = Products;
			sourceTree = "<group>";
		};
		3E98F14A293006230080F6C6 /* Netflix_Clone */ = {
			isa = PBXGroup;
			children = (
				3E98F16C29300A6B0080F6C6 /* Managers */,
				3E98F17129300AE40080F6C6 /* Resources */,
				3E98F17029300A860080F6C6 /* Models */,
				3E98F17329300B3B0080F6C6 /* Views */,
				3E98F17229300B270080F6C6 /* ViewModels */,
				3E98F16229300A320080F6C6 /* Controllers */,
				3E98F14B293006230080F6C6 /* AppDelegate.swift */,
				3E98F14D293006230080F6C6 /* SceneDelegate.swift */,
				3E98F154293006240080F6C6 /* Assets.xcassets */,
				3E98F156293006240080F6C6 /* LaunchScreen.storyboard */,
				3E98F159293006240080F6C6 /* Info.plist */,
				3E3D4D2D294A55BD00249239 /* NetflixCloneModel.xcdatamodeld */,
			);
			path = Netflix_Clone;
			sourceTree = "<group>";
		};
		3E98F16229300A320080F6C6 /* Controllers */ = {
			isa = PBXGroup;
			children = (
				3EB92FAF29393684000D624A /* General */,
				3EB92FAC2939361F000D624A /* Core */,
			);
			path = Controllers;
			sourceTree = "<group>";
		};
		3E98F16C29300A6B0080F6C6 /* Managers */ = {
			isa = PBXGroup;
			children = (
				3E98F16D29300A790080F6C6 /* APICaller.swift */,
				3E1369E22940EB56004D5B35 /* APIKey.swift */,
				3EACAF60294A5AC10094B558 /* DataPersistenceManager.swift */,
			);
			path = Managers;
			sourceTree = "<group>";
		};
		3E98F17029300A860080F6C6 /* Models */ = {
			isa = PBXGroup;
			children = (
				3ED99B8029351D84001227C7 /* Title.swift */,
				3E2F8BD3293ECF2400C74E01 /* YoutubeSearchResponse.swift */,
			);
			path = Models;
			sourceTree = "<group>";
		};
		3E98F17129300AE40080F6C6 /* Resources */ = {
			isa = PBXGroup;
			children = (
				3ED99B8329354475001227C7 /* Extensions.swift */,
			);
			path = Resources;
			sourceTree = "<group>";
		};
		3E98F17229300B270080F6C6 /* ViewModels */ = {
			isa = PBXGroup;
			children = (
				3EB92FA52937C157000D624A /* TitleViewModel.swift */,
				3E3D4D062947833B00249239 /* TitlePreviewViewModel.swift */,
			);
			path = ViewModels;
			sourceTree = "<group>";
		};
		3E98F17329300B3B0080F6C6 /* Views */ = {
			isa = PBXGroup;
			children = (
				3E98F17429300B4A0080F6C6 /* CollectionViewTableViewCell.swift */,
				3E98F17529300B4A0080F6C6 /* HeroHeaderUIView.swift */,
				3EB92F8729365F06000D624A /* TitleCollectionViewCell.swift */,
				3EB92FA22937B553000D624A /* TitleTableViewCell.swift */,
			);
			path = Views;
			sourceTree = "<group>";
		};
		3EB92FAC2939361F000D624A /* Core */ = {
			isa = PBXGroup;
			children = (
				3E98F16329300A5B0080F6C6 /* HomeViewController.swift */,
				3E98F16629300A5B0080F6C6 /* UpcomingViewController.swift */,
				3E98F16529300A5B0080F6C6 /* SearchViewController.swift */,
				3E98F16429300A5B0080F6C6 /* DownloadsViewController.swift */,
				3E98F14F293006230080F6C6 /* MainTabBarViewController.swift */,
			);
			path = Core;
			sourceTree = "<group>";
		};
		3EB92FAF29393684000D624A /* General */ = {
			isa = PBXGroup;
			children = (
				3EB92FA829390BF8000D624A /* SearchResultsViewController.swift */,
				3E3D4D0329477AF600249239 /* TitlePreviewViewController.swift */,
			);
			path = General;
			sourceTree = "<group>";
		};
/* End PBXGroup section */

/* Begin PBXNativeTarget section */
		3E98F147293006230080F6C6 /* Netflix_Clone */ = {
			isa = PBXNativeTarget;
			buildConfigurationList = 3E98F15C293006240080F6C6 /* Build configuration list for PBXNativeTarget "Netflix_Clone" */;
			buildPhases = (
				3E98F144293006230080F6C6 /* Sources */,
				3E98F145293006230080F6C6 /* Frameworks */,
				3E98F146293006230080F6C6 /* Resources */,
			);
			buildRules = (
			);
			dependencies = (
			);
			name = Netflix_Clone;
			packageProductDependencies = (
				3EB92F9D2936B6C8000D624A /* SDWebImage */,
				3EB92F9F2936B6C8000D624A /* SDWebImageMapKit */,
			);
			productName = Netflix_Clone;
			productReference = 3E98F148293006230080F6C6 /* Netflix_Clone.app */;
			productType = "com.apple.product-type.application";
		};
/* End PBXNativeTarget section */

/* Begin PBXProject section */
		3E98F140293006230080F6C6 /* Project object */ = {
			isa = PBXProject;
			attributes = {
				LastSwiftUpdateCheck = 1220;
				LastUpgradeCheck = 1220;
				TargetAttributes = {
					3E98F147293006230080F6C6 = {
						CreatedOnToolsVersion = 12.2;
					};
				};
			};
			buildConfigurationList = 3E98F143293006230080F6C6 /* Build configuration list for PBXProject "Netflix_Clone" */;
			compatibilityVersion = "Xcode 9.3";
			developmentRegion = en;
			hasScannedForEncodings = 0;
			knownRegions = (
				en,
				Base,
			);
			mainGroup = 3E98F13F293006230080F6C6;
			packageReferences = (
				3EB92F9C2936B6C8000D624A /* XCRemoteSwiftPackageReference "SDWebImage" */,
			);
			productRefGroup = 3E98F149293006230080F6C6 /* Products */;
			projectDirPath = "";
			projectRoot = "";
			targets = (
				3E98F147293006230080F6C6 /* Netflix_Clone */,
			);
		};
/* End PBXProject section */

/* Begin PBXResourcesBuildPhase section */
		3E98F146293006230080F6C6 /* Resources */ = {
			isa = PBXResourcesBuildPhase;
			buildActionMask = 2147483647;
			files = (
				3E98F158293006240080F6C6 /* LaunchScreen.storyboard in Resources */,
				3E98F155293006240080F6C6 /* Assets.xcassets in Resources */,
			);
			runOnlyForDeploymentPostprocessing = 0;
		};
/* End PBXResourcesBuildPhase section */

/* Begin PBXSourcesBuildPhase section */
		3E98F144293006230080F6C6 /* Sources */ = {
			isa = PBXSourcesBuildPhase;
			buildActionMask = 2147483647;
			files = (
				3EB92FA32937B553000D624A /* TitleTableViewCell.swift in Sources */,
				3E98F16929300A5B0080F6C6 /* SearchViewController.swift in Sources */,
				3EB92F8829365F06000D624A /* TitleCollectionViewCell.swift in Sources */,
				3E98F17729300B4A0080F6C6 /* HeroHeaderUIView.swift in Sources */,
				3E98F16829300A5B0080F6C6 /* DownloadsViewController.swift in Sources */,
				3E98F150293006230080F6C6 /* MainTabBarViewController.swift in Sources */,
				3E98F14C293006230080F6C6 /* AppDelegate.swift in Sources */,
				3E98F14E293006230080F6C6 /* SceneDelegate.swift in Sources */,
				3E98F17629300B4A0080F6C6 /* CollectionViewTableViewCell.swift in Sources */,
				3E3D4D0429477AF600249239 /* TitlePreviewViewController.swift in Sources */,
				3EB92FA929390BF8000D624A /* SearchResultsViewController.swift in Sources */,
				3ED99B8429354475001227C7 /* Extensions.swift in Sources */,
				3E2F8BD4293ECF2400C74E01 /* YoutubeSearchResponse.swift in Sources */,
				3E98F16A29300A5B0080F6C6 /* UpcomingViewController.swift in Sources */,
				3E98F16729300A5B0080F6C6 /* HomeViewController.swift in Sources */,
				3E3D4D2F294A55BD00249239 /* NetflixCloneModel.xcdatamodeld in Sources */,
				3ED99B8129351D84001227C7 /* Title.swift in Sources */,
				3E98F16E29300A790080F6C6 /* APICaller.swift in Sources */,
				3E1369E32940EB56004D5B35 /* APIKey.swift in Sources */,
				3E3D4D072947833B00249239 /* TitlePreviewViewModel.swift in Sources */,
				3EB92FA62937C157000D624A /* TitleViewModel.swift in Sources */,
				3EACAF61294A5AC10094B558 /* DataPersistenceManager.swift in Sources */,
			);
			runOnlyForDeploymentPostprocessing = 0;
		};
/* End PBXSourcesBuildPhase section */

/* Begin PBXVariantGroup section */
		3E98F156293006240080F6C6 /* LaunchScreen.storyboard */ = {
			isa = PBXVariantGroup;
			children = (
				3E98F157293006240080F6C6 /* Base */,
			);
			name = LaunchScreen.storyboard;
			sourceTree = "<group>";
		};
/* End PBXVariantGroup section */

/* Begin XCBuildConfiguration section */
		3E98F15A293006240080F6C6 /* Debug */ = {
			isa = XCBuildConfiguration;
			buildSettings = {
				ALWAYS_SEARCH_USER_PATHS = NO;
				CLANG_ANALYZER_NONNULL = YES;
				CLANG_ANALYZER_NUMBER_OBJECT_CONVERSION = YES_AGGRESSIVE;
				CLANG_CXX_LANGUAGE_STANDARD = "gnu++14";
				CLANG_CXX_LIBRARY = "libc++";
				CLANG_ENABLE_MODULES = YES;
				CLANG_ENABLE_OBJC_ARC = YES;
				CLANG_ENABLE_OBJC_WEAK = YES;
				CLANG_WARN_BLOCK_CAPTURE_AUTORELEASING = YES;
				CLANG_WARN_BOOL_CONVERSION = YES;
				CLANG_WARN_COMMA = YES;
				CLANG_WARN_CONSTANT_CONVERSION = YES;
				CLANG_WARN_DEPRECATED_OBJC_IMPLEMENTATIONS = YES;
				CLANG_WARN_DIRECT_OBJC_ISA_USAGE = YES_ERROR;
				CLANG_WARN_DOCUMENTATION_COMMENTS = YES;
				CLANG_WARN_EMPTY_BODY = YES;
				CLANG_WARN_ENUM_CONVERSION = YES;
				CLANG_WARN_INFINITE_RECURSION = YES;
				CLANG_WARN_INT_CONVERSION = YES;
				CLANG_WARN_NON_LITERAL_NULL_CONVERSION = YES;
				CLANG_WARN_OBJC_IMPLICIT_RETAIN_SELF = YES;
				CLANG_WARN_OBJC_LITERAL_CONVERSION = YES;
				CLANG_WARN_OBJC_ROOT_CLASS = YES_ERROR;
				CLANG_WARN_QUOTED_INCLUDE_IN_FRAMEWORK_HEADER = YES;
				CLANG_WARN_RANGE_LOOP_ANALYSIS = YES;
				CLANG_WARN_STRICT_PROTOTYPES = YES;
				CLANG_WARN_SUSPICIOUS_MOVE = YES;
				CLANG_WARN_UNGUARDED_AVAILABILITY = YES_AGGRESSIVE;
				CLANG_WARN_UNREACHABLE_CODE = YES;
				CLANG_WARN__DUPLICATE_METHOD_MATCH = YES;
				COPY_PHASE_STRIP = NO;
				DEBUG_INFORMATION_FORMAT = dwarf;
				ENABLE_STRICT_OBJC_MSGSEND = YES;
				ENABLE_TESTABILITY = YES;
				GCC_C_LANGUAGE_STANDARD = gnu11;
				GCC_DYNAMIC_NO_PIC = NO;
				GCC_NO_COMMON_BLOCKS = YES;
				GCC_OPTIMIZATION_LEVEL = 0;
				GCC_PREPROCESSOR_DEFINITIONS = (
					"DEBUG=1",
					"$(inherited)",
				);
				GCC_WARN_64_TO_32_BIT_CONVERSION = YES;
				GCC_WARN_ABOUT_RETURN_TYPE = YES_ERROR;
				GCC_WARN_UNDECLARED_SELECTOR = YES;
				GCC_WARN_UNINITIALIZED_AUTOS = YES_AGGRESSIVE;
				GCC_WARN_UNUSED_FUNCTION = YES;
				GCC_WARN_UNUSED_VARIABLE = YES;
				IPHONEOS_DEPLOYMENT_TARGET = 14.2;
				MTL_ENABLE_DEBUG_INFO = INCLUDE_SOURCE;
				MTL_FAST_MATH = YES;
				ONLY_ACTIVE_ARCH = YES;
				SDKROOT = iphoneos;
				SWIFT_ACTIVE_COMPILATION_CONDITIONS = DEBUG;
				SWIFT_OPTIMIZATION_LEVEL = "-Onone";
			};
			name = Debug;
		};
		3E98F15B293006240080F6C6 /* Release */ = {
			isa = XCBuildConfiguration;
			buildSettings = {
				ALWAYS_SEARCH_USER_PATHS = NO;
				CLANG_ANALYZER_NONNULL = YES;
				CLANG_ANALYZER_NUMBER_OBJECT_CONVERSION = YES_AGGRESSIVE;
				CLANG_CXX_LANGUAGE_STANDARD = "gnu++14";
				CLANG_CXX_LIBRARY = "libc++";
				CLANG_ENABLE_MODULES = YES;
				CLANG_ENABLE_OBJC_ARC = YES;
				CLANG_ENABLE_OBJC_WEAK = YES;
				CLANG_WARN_BLOCK_CAPTURE_AUTORELEASING = YES;
				CLANG_WARN_BOOL_CONVERSION = YES;
				CLANG_WARN_COMMA = YES;
				CLANG_WARN_CONSTANT_CONVERSION = YES;
				CLANG_WARN_DEPRECATED_OBJC_IMPLEMENTATIONS = YES;
				CLANG_WARN_DIRECT_OBJC_ISA_USAGE = YES_ERROR;
				CLANG_WARN_DOCUMENTATION_COMMENTS = YES;
				CLANG_WARN_EMPTY_BODY = YES;
				CLANG_WARN_ENUM_CONVERSION = YES;
				CLANG_WARN_INFINITE_RECURSION = YES;
				CLANG_WARN_INT_CONVERSION = YES;
				CLANG_WARN_NON_LITERAL_NULL_CONVERSION = YES;
				CLANG_WARN_OBJC_IMPLICIT_RETAIN_SELF = YES;
				CLANG_WARN_OBJC_LITERAL_CONVERSION = YES;
				CLANG_WARN_OBJC_ROOT_CLASS = YES_ERROR;
				CLANG_WARN_QUOTED_INCLUDE_IN_FRAMEWORK_HEADER = YES;
				CLANG_WARN_RANGE_LOOP_ANALYSIS = YES;
				CLANG_WARN_STRICT_PROTOTYPES = YES;
				CLANG_WARN_SUSPICIOUS_MOVE = YES;
				CLANG_WARN_UNGUARDED_AVAILABILITY = YES_AGGRESSIVE;
				CLANG_WARN_UNREACHABLE_CODE = YES;
				CLANG_WARN__DUPLICATE_METHOD_MATCH = YES;
				COPY_PHASE_STRIP = NO;
				DEBUG_INFORMATION_FORMAT = "dwarf-with-dsym";
				ENABLE_NS_ASSERTIONS = NO;
				ENABLE_STRICT_OBJC_MSGSEND = YES;
				GCC_C_LANGUAGE_STANDARD = gnu11;
				GCC_NO_COMMON_BLOCKS = YES;
				GCC_WARN_64_TO_32_BIT_CONVERSION = YES;
				GCC_WARN_ABOUT_RETURN_TYPE = YES_ERROR;
				GCC_WARN_UNDECLARED_SELECTOR = YES;
				GCC_WARN_UNINITIALIZED_AUTOS = YES_AGGRESSIVE;
				GCC_WARN_UNUSED_FUNCTION = YES;
				GCC_WARN_UNUSED_VARIABLE = YES;
				IPHONEOS_DEPLOYMENT_TARGET = 14.2;
				MTL_ENABLE_DEBUG_INFO = NO;
				MTL_FAST_MATH = YES;
				SDKROOT = iphoneos;
				SWIFT_COMPILATION_MODE = wholemodule;
				SWIFT_OPTIMIZATION_LEVEL = "-O";
				VALIDATE_PRODUCT = YES;
			};
			name = Release;
		};
		3E98F15D293006240080F6C6 /* Debug */ = {
			isa = XCBuildConfiguration;
			buildSettings = {
				ASSETCATALOG_COMPILER_APPICON_NAME = AppIcon;
				ASSETCATALOG_COMPILER_GLOBAL_ACCENT_COLOR_NAME = AccentColor;
				CODE_SIGN_STYLE = Automatic;
				DEVELOPMENT_TEAM = 3KNG2F4XC7;
				INFOPLIST_FILE = Netflix_Clone/Info.plist;
				LD_RUNPATH_SEARCH_PATHS = (
					"$(inherited)",
					"@executable_path/Frameworks",
				);
				PRODUCT_BUNDLE_IDENTIFIER = "com.lina.Netflix-Clone";
				PRODUCT_NAME = "$(TARGET_NAME)";
				SWIFT_VERSION = 5.0;
				TARGETED_DEVICE_FAMILY = "1,2";
			};
			name = Debug;
		};
		3E98F15E293006240080F6C6 /* Release */ = {
			isa = XCBuildConfiguration;
			buildSettings = {
				ASSETCATALOG_COMPILER_APPICON_NAME = AppIcon;
				ASSETCATALOG_COMPILER_GLOBAL_ACCENT_COLOR_NAME = AccentColor;
				CODE_SIGN_STYLE = Automatic;
				DEVELOPMENT_TEAM = 3KNG2F4XC7;
				INFOPLIST_FILE = Netflix_Clone/Info.plist;
				LD_RUNPATH_SEARCH_PATHS = (
					"$(inherited)",
					"@executable_path/Frameworks",
				);
				PRODUCT_BUNDLE_IDENTIFIER = "com.lina.Netflix-Clone";
				PRODUCT_NAME = "$(TARGET_NAME)";
				SWIFT_VERSION = 5.0;
				TARGETED_DEVICE_FAMILY = "1,2";
			};
			name = Release;
		};
/* End XCBuildConfiguration section */

/* Begin XCConfigurationList section */
		3E98F143293006230080F6C6 /* Build configuration list for PBXProject "Netflix_Clone" */ = {
			isa = XCConfigurationList;
			buildConfigurations = (
				3E98F15A293006240080F6C6 /* Debug */,
				3E98F15B293006240080F6C6 /* Release */,
			);
			defaultConfigurationIsVisible = 0;
			defaultConfigurationName = Release;
		};
		3E98F15C293006240080F6C6 /* Build configuration list for PBXNativeTarget "Netflix_Clone" */ = {
			isa = XCConfigurationList;
			buildConfigurations = (
				3E98F15D293006240080F6C6 /* Debug */,
				3E98F15E293006240080F6C6 /* Release */,
			);
			defaultConfigurationIsVisible = 0;
			defaultConfigurationName = Release;
		};
/* End XCConfigurationList section */

/* Begin XCRemoteSwiftPackageReference section */
		3EB92F9C2936B6C8000D624A /* XCRemoteSwiftPackageReference "SDWebImage" */ = {
			isa = XCRemoteSwiftPackageReference;
			repositoryURL = "https://github.com/SDWebImage/SDWebImage.git";
			requirement = {
				kind = upToNextMinorVersion;
				minimumVersion = 5.9.0;
			};
		};
/* End XCRemoteSwiftPackageReference section */

/* Begin XCSwiftPackageProductDependency section */
		3EB92F9D2936B6C8000D624A /* SDWebImage */ = {
			isa = XCSwiftPackageProductDependency;
			package = 3EB92F9C2936B6C8000D624A /* XCRemoteSwiftPackageReference "SDWebImage" */;
			productName = SDWebImage;
		};
		3EB92F9F2936B6C8000D624A /* SDWebImageMapKit */ = {
			isa = XCSwiftPackageProductDependency;
			package = 3EB92F9C2936B6C8000D624A /* XCRemoteSwiftPackageReference "SDWebImage" */;
			productName = SDWebImageMapKit;
		};
/* End XCSwiftPackageProductDependency section */

/* Begin XCVersionGroup section */
		3E3D4D2D294A55BD00249239 /* NetflixCloneModel.xcdatamodeld */ = {
			isa = XCVersionGroup;
			children = (
				3E3D4D2E294A55BD00249239 /* NetflixCloneModel.xcdatamodel */,
			);
			currentVersion = 3E3D4D2E294A55BD00249239 /* NetflixCloneModel.xcdatamodel */;
			path = NetflixCloneModel.xcdatamodeld;
			sourceTree = "<group>";
			versionGroupType = wrapper.xcdatamodel;
		};
/* End XCVersionGroup section */
	};
	rootObject = 3E98F140293006230080F6C6 /* Project object */;
}
